
Microsoft Visual Studio Solution File, Format Version 12.00
# Visual Studio Version 16
VisualStudioVersion = 16.0.30413.136
MinimumVisualStudioVersion = 10.0.40219.1
Project("{2150E333-8FDC-42A3-9474-1A3956D46DE8}") = "Solution Items", "Solution Items", "{8AE2B348-0F2E-46F6-A290-4A4695F10205}"
	ProjectSection(SolutionItems) = preProject
		BUG_BASH.md = BUG_BASH.md
		CODE_OF_CONDUCT.md = CODE_OF_CONDUCT.md
		CONTRIBUTING.md = CONTRIBUTING.md
		LICENSE = LICENSE
		README.md = README.md
		SECURITY.md = SECURITY.md
	EndProjectSection
EndProject
Project("{2150E333-8FDC-42A3-9474-1A3956D46DE8}") = "src", "src", "{1F19011A-E9AC-4B7F-B9FD-D10AFE584D7E}"
EndProject
Project("{4DF76451-A46A-4C0B-BE03-459FAAFA07E6}") = "SecMgmtInsights", "src\SecMgmtInsights\SecMgmtInsights.mproj", "{2ED357A0-2201-43D0-926D-35C9A89EEF75}"
EndProject
Global
	GlobalSection(SolutionConfigurationPlatforms) = preSolution
		Debug|x86 = Debug|x86
		Release|x86 = Release|x86
	EndGlobalSection
	GlobalSection(ProjectConfigurationPlatforms) = postSolution
		{2ED357A0-2201-43D0-926D-35C9A89EEF75}.Debug|x86.ActiveCfg = Debug|x86
		{2ED357A0-2201-43D0-926D-35C9A89EEF75}.Debug|x86.Build.0 = Debug|x86
		{2ED357A0-2201-43D0-926D-35C9A89EEF75}.Release|x86.ActiveCfg = Release|x86
		{2ED357A0-2201-43D0-926D-35C9A89EEF75}.Release|x86.Build.0 = Release|x86
	EndGlobalSection
	GlobalSection(SolutionProperties) = preSolution
		HideSolutionNode = FALSE
	EndGlobalSection
	GlobalSection(NestedProjects) = preSolution
		{2ED357A0-2201-43D0-926D-35C9A89EEF75} = {1F19011A-E9AC-4B7F-B9FD-D10AFE584D7E}
	EndGlobalSection
	GlobalSection(ExtensibilityGlobals) = postSolution
		SolutionGuid = {C4F7A29E-B0C7-422E-B4BB-0C0A438F9DF4}
	EndGlobalSection
EndGlobal
